
Microsoft Visual Studio Solution File, Format Version 12.00
# Visual Studio Version 16
VisualStudioVersion = 16.0.31025.194
MinimumVisualStudioVersion = 10.0.40219.1
Project("{9A19103F-16F7-4668-BE54-9A1E7A4F7556}") = "cake-it.api.domain", "cake-it.api.domain\cake-it.api.domain.csproj", "{F229213C-E609-4A96-BA9D-0D93519880E1}"
EndProject
Project("{9A19103F-16F7-4668-BE54-9A1E7A4F7556}") = "cake-it.api.services", "cake-it.api.services\cake-it.api.services.csproj", "{20517846-6E93-445E-BE8B-02C48FB6FFD8}"
EndProject
Project("{9A19103F-16F7-4668-BE54-9A1E7A4F7556}") = "cake-it.api", "cake-it.api\cake-it.api.csproj", "{64DA4D14-9082-4957-B77C-10F4E907256A}"
EndProject
Global
	GlobalSection(SolutionConfigurationPlatforms) = preSolution
		Debug|Any CPU = Debug|Any CPU
		Release|Any CPU = Release|Any CPU
	EndGlobalSection
	GlobalSection(ProjectConfigurationPlatforms) = postSolution
		{F229213C-E609-4A96-BA9D-0D93519880E1}.Debug|Any CPU.ActiveCfg = Debug|Any CPU
		{F229213C-E609-4A96-BA9D-0D93519880E1}.Debug|Any CPU.Build.0 = Debug|Any CPU
		{F229213C-E609-4A96-BA9D-0D93519880E1}.Release|Any CPU.ActiveCfg = Release|Any CPU
		{F229213C-E609-4A96-BA9D-0D93519880E1}.Release|Any CPU.Build.0 = Release|Any CPU
		{20517846-6E93-445E-BE8B-02C48FB6FFD8}.Debug|Any CPU.ActiveCfg = Debug|Any CPU
		{20517846-6E93-445E-BE8B-02C48FB6FFD8}.Debug|Any CPU.Build.0 = Debug|Any CPU
		{20517846-6E93-445E-BE8B-02C48FB6FFD8}.Release|Any CPU.ActiveCfg = Release|Any CPU
		{20517846-6E93-445E-BE8B-02C48FB6FFD8}.Release|Any CPU.Build.0 = Release|Any CPU
		{64DA4D14-9082-4957-B77C-10F4E907256A}.Debug|Any CPU.ActiveCfg = Debug|Any CPU
		{64DA4D14-9082-4957-B77C-10F4E907256A}.Debug|Any CPU.Build.0 = Debug|Any CPU
		{64DA4D14-9082-4957-B77C-10F4E907256A}.Release|Any CPU.ActiveCfg = Release|Any CPU
		{64DA4D14-9082-4957-B77C-10F4E907256A}.Release|Any CPU.Build.0 = Release|Any CPU
	EndGlobalSection
	GlobalSection(SolutionProperties) = preSolution
		HideSolutionNode = FALSE
	EndGlobalSection
	GlobalSection(ExtensibilityGlobals) = postSolution
		SolutionGuid = {336AC6AF-5E68-4C5B-B241-0D8777771F1D}
	EndGlobalSection
EndGlobal
